
Microsoft Visual Studio Solution File, Format Version 12.00
# Visual Studio 2012
Project("{FAE04EC0-301F-11D3-BF4B-00C04F79EFBC}") = "HomePage", "HomePage\HomePage.csproj", "{3CA32B9C-472C-4209-A649-A86A6170202B}"
EndProject
Global
	GlobalSection(SolutionConfigurationPlatforms) = preSolution
		Debug|Any CPU = Debug|Any CPU
		Release|Any CPU = Release|Any CPU
	EndGlobalSection
	GlobalSection(ProjectConfigurationPlatforms) = postSolution
		{3CA32B9C-472C-4209-A649-A86A6170202B}.Debug|Any CPU.ActiveCfg = Debug|Any CPU
		{3CA32B9C-472C-4209-A649-A86A6170202B}.Debug|Any CPU.Build.0 = Debug|Any CPU
		{3CA32B9C-472C-4209-A649-A86A6170202B}.Release|Any CPU.ActiveCfg = Release|Any CPU
		{3CA32B9C-472C-4209-A649-A86A6170202B}.Release|Any CPU.Build.0 = Release|Any CPU
	EndGlobalSection
	GlobalSection(SolutionProperties) = preSolution
		HideSolutionNode = FALSE
	EndGlobalSection
EndGlobal
